<?xml version="1.0" encoding="utf-8"?>
<Project ToolsVersion="4.0" xmlns="http://schemas.microsoft.com/developer/msbuild/2003">
  <ItemGroup>
    <Filter Include="Source Files">
      <UniqueIdentifier>{4FC737F1-C7A5-4376-A066-2A32D752A2FF}</UniqueIdentifier>
      <Extensions>cpp;c;cc;cxx;c++;cppm;ixx;def;odl;idl;hpj;bat;asm;asmx</Extensions>
    </Filter>
    <Filter Include="Header Files">
      <UniqueIdentifier>{93995380-89BD-4b04-88EB-625FBE52EBFB}</UniqueIdentifier>
      <Extensions>h;hh;hpp;hxx;h++;hm;inl;inc;ipp;xsd</Extensions>
    </Filter>
    <Filter Include="Resource Files">
      <UniqueIdentifier>{67DA6AB6-F800-4c08-8B7A-83BB121AAD01}</UniqueIdentifier>
      <Extensions>rc;ico;cur;bmp;dlg;rc2;rct;bin;rgs;gif;jpg;jpeg;jpe;resx;tiff;tif;png;wav;mfcribbon-ms</Extensions>
    </Filter>
  </ItemGroup>
  <ItemGroup>
    <ClInclude Include="Plaza.h">
      <Filter>Header Files</Filter>
    </ClInclude>
    <ClInclude Include="ContratoBase.h">
      <Filter>Header Files</Filter>
    </ClInclude>
    <ClInclude Include="ContratoPorServicioProfesional.h">
      <Filter>Header Files</Filter>
    </ClInclude>
    <ClInclude Include="ContratoDePlazoFijo.h">
      <Filter>Header Files</Filter>
    </ClInclude>
    <ClInclude Include="ContratoDeTiempoIndefinido.h">
      <Filter>Header Files</Filter>
    </ClInclude>
    <ClInclude Include="Empleado.h">
      <Filter>Header Files</Filter>
    </ClInclude>
    <ClInclude Include="Planta.h">
      <Filter>Header Files</Filter>
    </ClInclude>
    <ClInclude Include="Miscelaneo.h">
      <Filter>Header Files</Filter>
    </ClInclude>
    <ClInclude Include="Fecha.h">
      <Filter>Header Files</Filter>
    </ClInclude>
    <ClInclude Include="Tripulacion.h">
      <Filter>Header Files</Filter>
    </ClInclude>
    <ClInclude Include="Azafata.h">
      <Filter>Header Files</Filter>
    </ClInclude>
    <ClInclude Include="Piloto.h">
      <Filter>Header Files</Filter>
    </ClInclude>
    <ClInclude Include="Copiloto.h">
      <Filter>Header Files</Filter>
    </ClInclude>
    <ClInclude Include="Aeronaves.h">
      <Filter>Header Files</Filter>
    </ClInclude>
    <ClInclude Include="AvionCivil.h">
      <Filter>Header Files</Filter>
    </ClInclude>
  </ItemGroup>
  <ItemGroup>
    <ClCompile Include="Plaza.cpp">
      <Filter>Source Files</Filter>
    </ClCompile>
    <ClCompile Include="ContratoBase.cpp">
      <Filter>Source Files</Filter>
    </ClCompile>
    <ClCompile Include="ContratoPorServicioProfesional.cpp">
      <Filter>Source Files</Filter>
    </ClCompile>
    <ClCompile Include="ContratoDePlazoFIjo.cpp">
      <Filter>Source Files</Filter>
    </ClCompile>
    <ClCompile Include="ContratoDeTiempoIndefinido.cpp">
      <Filter>Source Files</Filter>
    </ClCompile>
    <ClCompile Include="Empleado.cpp">
      <Filter>Source Files</Filter>
    </ClCompile>
    <ClCompile Include="Planta.cpp">
      <Filter>Source Files</Filter>
    </ClCompile>
    <ClCompile Include="Miscelaneo.cpp">
      <Filter>Source Files</Filter>
    </ClCompile>
    <ClCompile Include="Principal.cpp">
      <Filter>Source Files</Filter>
    </ClCompile>
    <ClCompile Include="Fecha.cpp">
      <Filter>Source Files</Filter>
    </ClCompile>
    <ClCompile Include="Tripulacion.cpp">
      <Filter>Source Files</Filter>
    </ClCompile>
    <ClCompile Include="Azafata.cpp">
      <Filter>Source Files</Filter>
    </ClCompile>
    <ClCompile Include="Piloto.cpp">
      <Filter>Source Files</Filter>
    </ClCompile>
    <ClCompile Include="Copiloto.cpp">
      <Filter>Source Files</Filter>
    </ClCompile>
    <ClCompile Include="Aeronaves.cpp">
      <Filter>Source Files</Filter>
    </ClCompile>
  </ItemGroup>
</Project>